<?xml version="1.0" encoding="utf-8"?>
<Project ToolsVersion="4.0" xmlns="http://schemas.microsoft.com/developer/msbuild/2003">
  <ItemGroup>
    <ClCompile Include="AltaAjuntamentForm.cpp" />
    <ClCompile Include="AltaEntitatForm.cpp" />
    <ClCompile Include="AssemblyInfo.cpp" />
    <ClCompile Include="BaixaCiutadaForm.cpp" />
    <ClCompile Include="CancelarEsdevenimentForm.cpp" />
    <ClCompile Include="CercadoraAjuntament.cpp" />
    <ClCompile Include="CercadoraEsdeveniment.cpp" />
    <ClCompile Include="ConsultaEsdevenimentForm.cpp" />
    <ClCompile Include="ConsultarEsdevenimentsForm.cpp" />
    <ClCompile Include="FormAltaEsdeveniment.cpp" />
    <ClCompile Include="FormConsultarAjuntament.cpp" />
    <ClCompile Include="PassarelaEsdeveniment.cpp" />
    <ClCompile Include="BaixaEntitatForm.cpp" />
    <ClCompile Include="CercadoraCompra.cpp" />
    <ClCompile Include="CercadoraCiutada.cpp" />
    <ClCompile Include="CercadoraEntitat.cpp" />
    <ClCompile Include="CercadoraUsuari.cpp" />
    <ClCompile Include="ComprarEntradaForm.cpp" />
    <ClCompile Include="Connexio.cpp" />
    <ClCompile Include="ConsultaEntitatForm.cpp" />
    <ClCompile Include="CppCLR_WinFormsProject.cpp" />
    <ClCompile Include="Form1.cpp" />
    <ClCompile Include="LogInForm.cpp" />
    <ClCompile Include="PassarelaAjuntament.cpp" />
    <ClCompile Include="ModificarEntitatForm.cpp" />
    <ClCompile Include="CancelaCompraForm.cpp" />
    <ClCompile Include="PassarelaCiutada.cpp" />
    <ClCompile Include="PassarelaCompra.cpp" />
    <ClCompile Include="PassarelaEntitat.cpp" />
    <ClCompile Include="PassarelaUsuari.cpp" />
    <ClCompile Include="CercadoraTipus.cpp" />
    <ClCompile Include="ConsultaEntitats.cpp" />
    <ClCompile Include="pch.cpp" />
    <ClCompile Include="TxBaixaCiutada.cpp" />
    <ClCompile Include="TxAltaEsdeveniment.cpp" />
    <ClCompile Include="RegistreCiutadaForm.cpp" />
    <ClCompile Include="Sessio.cpp" />
    <ClCompile Include="TxAltaAjuntament.cpp" />
    <ClCompile Include="TxAltaEntitat.cpp" />
    <ClCompile Include="TxBaixaEntitat.cpp" />
    <ClCompile Include="TxCancelaEsdeveniment.cpp" />
    <ClCompile Include="TxCompraEntrada.cpp" />
    <ClCompile Include="TxCancelaCompra.cpp" />
    <ClCompile Include="TxComprobacontrasenya.cpp" />
    <ClCompile Include="TxConsultaAjuntament.cpp" />
    <ClCompile Include="TxConsultaEntitat.cpp" />
    <ClCompile Include="TxConsultaEntitatsAjuntament.cpp" />
    <ClCompile Include="TxConsultaEntitatsNom.cpp" />
    <ClCompile Include="TxConsultaEsdeveniment.cpp" />
    <ClCompile Include="TxConsultaEsdeveniments.cpp" />
    <ClCompile Include="TxConsultaPerfil.cpp" />
    <ClCompile Include="TxLogIn.cpp" />
    <ClCompile Include="TxModificaEntitat.cpp" />
    <ClCompile Include="TxRegistreCiutada.cpp" />
    <ClCompile Include="TxConsultaEntitats.cpp" />
    <ClCompile Include="TxConsultaEntitatsTipus.cpp" />
    <ClCompile Include="TxConsultaTipus.cpp" />
    <ClCompile Include="VeurePerfilForm.cpp" />
    <ClCompile Include="PassarelaFavorita.cpp" />
    <ClCompile Include="CercadoraFavorita.cpp" />
    <ClCompile Include="TxConsultaFavorita.cpp" />
    <ClCompile Include="TxAfegirFavorita.cpp" />
    <ClCompile Include="TxEsborrarFavorita.cpp" />
    <ClCompile Include="TxConsultaEntEsde.cpp" />
    <ClCompile Include="TxExisteixCompra.cpp" />
    <ClCompile Include="ConsultaCompraForm.cpp" />
    <ClCompile Include="TxConsultaCompra.cpp" />
    <ClCompile Include="CercadoraValoracio.cpp" />
    <ClCompile Include="ConsultaCompresForm.cpp" />
    <ClCompile Include="PassarelaValoracio.cpp" />
    <ClCompile Include="TxConsultaCompres.cpp" />
    <ClCompile Include="TxPuntsCiutada.cpp" />
    <ClCompile Include="ValorarEsdevenimentForm.cpp" />
    <ClCompile Include="TxValorarEsdeveniment.cpp" />
  </ItemGroup>
  <ItemGroup>
    <ClInclude Include="AltaAjuntamentForm.h" />
    <ClInclude Include="AltaEntitatForm.h" />
    <ClInclude Include="BaixaCiutadaForm.h" />
    <ClInclude Include="BaixaEntitatForm.h" />
    <ClInclude Include="CancelarEsdevenimentForm.h" />
    <ClInclude Include="CercadoraAjuntament.h" />
    <ClInclude Include="CercadoraCiutada.h" />
    <ClInclude Include="CercadoraCompra.h" />
    <ClInclude Include="CercadoraEntitat.h" />
    <ClInclude Include="CercadoraEsdeveniment.h" />
    <ClInclude Include="CercadoraUsuari.h" />
    <ClInclude Include="ComprarEntradaForm.h" />
    <ClInclude Include="Connexio.h" />
    <ClInclude Include="ConsultaEntitatForm.h" />
    <ClInclude Include="CercadoraTipus.h" />
    <ClInclude Include="ConsultaEntitats.h" />
    <ClInclude Include="ConsultaEsdevenimentForm.h" />
    <ClInclude Include="ConsultarEsdevenimentsForm.h" />
    <ClInclude Include="Form1.h" />
    <ClInclude Include="FormConsultarAjuntament.h" />
    <ClInclude Include="LogInForm.h" />
    <ClInclude Include="PassarelaAjuntament.h" />
    <ClInclude Include="ModificarEntitatForm.h" />
    <ClInclude Include="CancelaCompraForm.h" />
    <ClInclude Include="PassarelaAjuntament.h" />
    <ClInclude Include="PassarelaCiutada.h" />
    <ClInclude Include="PassarelaCompra.h" />
    <ClInclude Include="PassarelaEntitat.h" />
    <ClInclude Include="FormAltaEsdeveniment.h" />
    <ClInclude Include="PassarelaEsdeveniment.h" />
    <ClInclude Include="PassarelaUsuari.h" />
    <ClInclude Include="pch.h" />
    <ClInclude Include="RegistreCiutadaForm.h" />
    <ClInclude Include="Resource.h" />
    <ClInclude Include="Sessio.h" />
    <ClInclude Include="TxAltaAjuntament.h" />
    <ClInclude Include="TxAltaEsdeveniment.h" />
    <ClInclude Include="TxAltaEntitat.h" />
    <ClInclude Include="TxBaixaCiutada.h" />
    <ClInclude Include="TxBaixaEntitat.h" />
    <ClInclude Include="TxCancelaEsdeveniment.h" />
    <ClInclude Include="TxCompraEntrada.h" />
    <ClInclude Include="TxCancelaCompra.h" />
    <ClInclude Include="TxComprobacontrasenya.h" />
    <ClInclude Include="TxConsultaAjuntament.h" />
    <ClInclude Include="TxConsultaEntitat.h" />
    <ClInclude Include="TxConsultaEntitatsAjuntament.h" />
    <ClInclude Include="TxConsultaEntitatsNom.h" />
    <ClInclude Include="TxConsultaEsdeveniment.h" />
    <ClInclude Include="TxConsultaEsdeveniments.h" />
    <ClInclude Include="TxConsultaPerfil.h" />
    <ClInclude Include="TxLogIn.h" />
    <ClInclude Include="TxModificaEntitat.h" />
    <ClInclude Include="TxRegistreCiutada.h" />
    <ClInclude Include="TxConsultaEntitats.h" />
    <ClInclude Include="TxConsultaEntitatsTipus.h" />
    <ClInclude Include="TxConsultaTipus.h" />
    <ClInclude Include="VeurePerfilForm.h" />
    <ClInclude Include="PassarelaFavorita.h" />
    <ClInclude Include="CercadoraFavorita.h" />
    <ClInclude Include="TxConsultaFavorita.h" />
    <ClInclude Include="TxAfegirFavorita.h" />
    <ClInclude Include="TxEsborrarFavorita.h" />
    <ClInclude Include="TxConsultaEntEsde.h" />
    <ClInclude Include="TxExisteixCompra.h" />
    <ClInclude Include="ConsultaCompraForm.h" />
    <ClInclude Include="TxConsultaCompra.h" />
    <ClInclude Include="CercadoraValoracio.h" />
    <ClInclude Include="ConsultaCompresForm.h" />
    <ClInclude Include="PassarelaValoracio.h" />
    <ClInclude Include="TxConsultaCompres.h" />
    <ClInclude Include="TxPuntsCiutada.h" />
    <ClInclude Include="ValorarEsdevenimentForm.h" />
    <ClInclude Include="TxValorarEsdeveniment.h" />
  </ItemGroup>
  <ItemGroup>
    <ResourceCompile Include="app.rc" />
  </ItemGroup>
  <ItemGroup>
    <Image Include="..\..\..\..\..\..\..\Downloads\logo.ico" />
    <Image Include="app.ico" />
    <Image Include="lupa.png" />
  </ItemGroup>
</Project>