<?xml version="1.0" encoding="utf-8"?>
<Project ToolsVersion="4.0" xmlns="http://schemas.microsoft.com/developer/msbuild/2003">
  <ItemGroup>
    <ClCompile Include="AltaEntitatForm.cpp" />
    <ClCompile Include="AssemblyInfo.cpp" />
    <ClCompile Include="CercadoraCiutada.cpp" />
    <ClCompile Include="FormAltaEsdeveniment.cpp" />
    <ClCompile Include="PassarelaEsdeveniment.cpp" />
    <ClCompile Include="BaixaEntitatForm.cpp" />
    <ClCompile Include="CercadoraEntitat.cpp" />
    <ClCompile Include="CercadoraUsuari.cpp" />
    <ClCompile Include="Connexio.cpp" />
    <ClCompile Include="ConsultaEntitatForm.cpp" />
    <ClCompile Include="CppCLR_WinFormsProject.cpp" />
    <ClCompile Include="Form1.cpp" />
    <ClCompile Include="LogInForm.cpp" />
    <ClCompile Include="ModificarEntitatForm.cpp" />
    <ClCompile Include="CancelaCompraForm.cpp" />
    <ClCompile Include="PassarelaCiutada.cpp" />
    <ClCompile Include="PassarelaCompra.cpp" />
    <ClCompile Include="PassarelaEntitat.cpp" />
    <ClCompile Include="PassarelaUsuari.cpp" />
    <ClCompile Include="CercadoraTipus.cpp" />
    <ClCompile Include="ConsultaEntitats.cpp" />
    <ClCompile Include="pch.cpp" />
    <ClCompile Include="TxAltaEsdeveniment.cpp" />
    <ClCompile Include="RegistreCiutadaForm.cpp" />
    <ClCompile Include="Sessio.cpp" />
    <ClCompile Include="TxAltaEntitat.cpp" />
    <ClCompile Include="TxBaixaEntitat.cpp" />
    <ClCompile Include="TxCancelaCompra.cpp" />
    <ClCompile Include="TxConsultaEntitat.cpp" />
    <ClCompile Include="TxConsultaPerfil.cpp" />
    <ClCompile Include="TxLogIn.cpp" />
    <ClCompile Include="TxModificaEntitat.cpp" />
    <ClCompile Include="TxRegistreCiutada.cpp" />
    <ClCompile Include="TxConsultaEntitats.cpp" />
    <ClCompile Include="TxConsultaEntitatsTipus.cpp" />
    <ClCompile Include="TxConsultaTipus.cpp" />
    <ClCompile Include="VeurePerfilForm.cpp" />
    <ClCompile Include="ConsultarEsdevenimentsForm.cpp" />
    <ClCompile Include="TxConsultaEsdeveniments.cpp" />
    <ClCompile Include="CercadoraEsdeveniment.cpp" />
  </ItemGroup>
  <ItemGroup>
    <ClInclude Include="AltaEntitatForm.h" />
    <ClInclude Include="BaixaEntitatForm.h" />
    <ClInclude Include="CercadoraCiutada.h" />
    <ClInclude Include="CercadoraEntitat.h" />
    <ClInclude Include="CercadoraUsuari.h" />
    <ClInclude Include="Connexio.h" />
    <ClInclude Include="ConsultaEntitatForm.h" />
    <ClInclude Include="CercadoraTipus.h" />
    <ClInclude Include="ConsultaEntitats.h" />
    <ClInclude Include="Form1.h" />
    <ClInclude Include="LogInForm.h" />
    <ClInclude Include="ModificarEntitatForm.h" />
    <ClInclude Include="CancelaCompraForm.h" />
    <ClInclude Include="PassarelaCiutada.h" />
    <ClInclude Include="PassarelaCompra.h" />
    <ClInclude Include="PassarelaEntitat.h" />
    <ClInclude Include="FormAltaEsdeveniment.h" />
    <ClInclude Include="PassarelaEsdeveniment.h" />
    <ClInclude Include="PassarelaUsuari.h" />
    <ClInclude Include="pch.h" />
    <ClInclude Include="RegistreCiutadaForm.h" />
    <ClInclude Include="Resource.h" />
    <ClInclude Include="Sessio.h" />
    <ClInclude Include="TxAltaEsdeveniment.h" />
    <ClInclude Include="TxAltaEntitat.h" />
    <ClInclude Include="TxBaixaEntitat.h" />
    <ClInclude Include="TxCancelaCompra.h" />
    <ClInclude Include="TxConsultaEntitat.h" />
    <ClInclude Include="TxConsultaPerfil.h" />
    <ClInclude Include="TxLogIn.h" />
    <ClInclude Include="TxModificaEntitat.h" />
    <ClInclude Include="TxRegistreCiutada.h" />
    <ClInclude Include="TxConsultaEntitats.h" />
    <ClInclude Include="TxConsultaEntitatsTipus.h" />
    <ClInclude Include="TxConsultaTipus.h" />
    <ClInclude Include="VeurePerfilForm.h" />
    <ClInclude Include="ConsultarEsdevenimentsForm.h" />
    <ClInclude Include="TxConsultaEsdeveniments.h" />
    <ClInclude Include="CercadoraEsdeveniment.h" />
  </ItemGroup>
  <ItemGroup>
    <ResourceCompile Include="app.rc" />
  </ItemGroup>
  <ItemGroup>
    <Image Include="app.ico" />
  </ItemGroup>
</Project>