<?xml version="1.0" encoding="utf-8"?>
<Project ToolsVersion="4.0" xmlns="http://schemas.microsoft.com/developer/msbuild/2003">
  <ItemGroup>
    <Filter Include="Source Files">
      <UniqueIdentifier>{4FC737F1-C7A5-4376-A066-2A32D752A2FF}</UniqueIdentifier>
      <Extensions>cpp;c;cc;cxx;c++;cppm;ixx;def;odl;idl;hpj;bat;asm;asmx</Extensions>
    </Filter>
    <Filter Include="Header Files">
      <UniqueIdentifier>{93995380-89BD-4b04-88EB-625FBE52EBFB}</UniqueIdentifier>
      <Extensions>h;hh;hpp;hxx;h++;hm;inl;inc;ipp;xsd</Extensions>
    </Filter>
    <Filter Include="Resource Files">
      <UniqueIdentifier>{67DA6AB6-F800-4c08-8B7A-83BB121AAD01}</UniqueIdentifier>
      <Extensions>rc;ico;cur;bmp;dlg;rc2;rct;bin;rgs;gif;jpg;jpeg;jpe;resx;tiff;tif;png;wav;mfcribbon-ms</Extensions>
    </Filter>
  </ItemGroup>
  <ItemGroup>
    <ResourceCompile Include="app.rc">
      <Filter>Resource Files</Filter>
    </ResourceCompile>
  </ItemGroup>
  <ItemGroup>
    <ClInclude Include="Resource.h">
      <Filter>Header Files</Filter>
    </ClInclude>
    <ClInclude Include="pch.h">
      <Filter>Header Files</Filter>
    </ClInclude>
    <ClInclude Include="Form1.h">
      <Filter>Header Files</Filter>
    </ClInclude>
    <ClInclude Include="LogInForm.h">
      <Filter>Header Files</Filter>
    </ClInclude>
    <ClInclude Include="TxLogIn.h">
      <Filter>Header Files</Filter>
    </ClInclude>
    <ClInclude Include="CercadoraUsuari.h">
      <Filter>Header Files</Filter>
    </ClInclude>
    <ClInclude Include="Connexio.h">
      <Filter>Header Files</Filter>
    </ClInclude>
    <ClInclude Include="Sessio.h">
      <Filter>Header Files</Filter>
    </ClInclude>
    <ClInclude Include="PassarelaUsuari.h">
      <Filter>Header Files</Filter>
    </ClInclude>
    <ClInclude Include="AltaEntitatForm.h">
      <Filter>Header Files</Filter>
    </ClInclude>
    <ClInclude Include="BaixaEntitatForm.h">
    <ClInclude Include="CercadoraEntitat.h">
      <Filter>Header Files</Filter>
    </ClInclude>
    <ClInclude Include="ConsultaEntitats.h">
      <Filter>Header Files</Filter>
    </ClInclude>
    <ClInclude Include="PassarelaEntitat.h">
      <Filter>Header Files</Filter>
    </ClInclude>
    <ClInclude Include="RegistreCiutadaForm.h">
      <Filter>Header Files</Filter>
    </ClInclude>
    <ClInclude Include="TxAltaEntitat.h">
      <Filter>Header Files</Filter>
    </ClInclude>
    <ClInclude Include="TxBaixaEntitat.h">
      <Filter>Header Files</Filter>
    </ClInclude>
    <ClInclude Include="TxRegistreCiutada.h">
      <Filter>Header Files</Filter>
    </ClInclude>
    <ClInclude Include="PassarelaCiutada.h">
    <ClInclude Include="TxConsultaEntitats.h">
      <Filter>Header Files</Filter>
    </ClInclude>
    <ClInclude Include="TxConsultaEntitatsTipus.h">
      <Filter>Header Files</Filter>
    </ClInclude>
    <ClInclude Include="CercadoraTipus.h">
      <Filter>Header Files</Filter>
    </ClInclude>
    <ClInclude Include="TxConsultaTipus.h">
      <Filter>Header Files</Filter>
    </ClInclude>
  </ItemGroup>
  <ItemGroup>
    <ClCompile Include="CppCLR_WinFormsProject.cpp">
      <Filter>Source Files</Filter>
    </ClCompile>
    <ClCompile Include="AssemblyInfo.cpp">
      <Filter>Source Files</Filter>
    </ClCompile>
    <ClCompile Include="pch.cpp">
      <Filter>Source Files</Filter>
    </ClCompile>
    <ClCompile Include="Form1.cpp">
      <Filter>Source Files</Filter>
    </ClCompile>
    <ClCompile Include="LogInForm.cpp">
      <Filter>Source Files</Filter>
    </ClCompile>
    <ClCompile Include="TxLogIn.cpp">
      <Filter>Source Files</Filter>
    </ClCompile>
    <ClCompile Include="CercadoraUsuari.cpp">
      <Filter>Source Files</Filter>
    </ClCompile>
    <ClCompile Include="Connexio.cpp">
      <Filter>Source Files</Filter>
    </ClCompile>
    <ClCompile Include="Sessio.cpp">
      <Filter>Source Files</Filter>
    </ClCompile>
    <ClCompile Include="PassarelaUsuari.cpp">
      <Filter>Source Files</Filter>
    </ClCompile>
    <ClCompile Include="AltaEntitatForm.cpp">
      <Filter>Source Files</Filter>
    </ClCompile>
    <ClCompile Include="BaixaEntitatForm.cpp">
    <ClCompile Include="CercadoraEntitat.cpp">
      <Filter>Source Files</Filter>
    </ClCompile>
    <ClCompile Include="ConsultaEntitats.cpp">
      <Filter>Source Files</Filter>
    </ClCompile>
    <ClCompile Include="PassarelaEntitat.cpp">
      <Filter>Source Files</Filter>
    </ClCompile>
    <ClCompile Include="RegistreCiutadaForm.cpp">
      <Filter>Source Files</Filter>
    </ClCompile>
    <ClCompile Include="TxAltaEntitat.cpp">
      <Filter>Source Files</Filter>
    </ClCompile>
    <ClCompile Include="TxBaixaEntitat.cpp">
      <Filter>Source Files</Filter>
    </ClCompile>
    <ClCompile Include="TxRegistreCiutada.cpp">
      <Filter>Source Files</Filter>
    </ClCompile>
    <ClCompile Include="PassarelaCiutada.cpp">
    <ClCompile Include="TxConsultaEntitats.cpp">
      <Filter>Source Files</Filter>
    </ClCompile>
    <ClCompile Include="TxConsultaEntitatsTipus.cpp">
      <Filter>Source Files</Filter>
    </ClCompile>
    <ClCompile Include="CercadoraTipus.cpp">
      <Filter>Source Files</Filter>
    </ClCompile>
    <ClCompile Include="TxConsultaTipus.cpp">
      <Filter>Source Files</Filter>
    </ClCompile>
  </ItemGroup>
  <ItemGroup>
    <Image Include="app.ico">
      <Filter>Resource Files</Filter>
    </Image>
  </ItemGroup>
</Project>